
Microsoft Visual Studio Solution File, Format Version 12.00
# Visual Studio Version 16
VisualStudioVersion = 16.0.31205.134
MinimumVisualStudioVersion = 10.0.40219.1
Project("{9A19103F-16F7-4668-BE54-9A1E7A4F7556}") = "MyWebApp", "MyWebApp\MyWebApp.csproj", "{D2E16A44-0F38-4C12-967E-586BE2CA228C}"
EndProject
Project("{9A19103F-16F7-4668-BE54-9A1E7A4F7556}") = "Practice", "Practice\Practice.csproj", "{514AFE05-4330-48B1-91D6-D116D0257F5D}"
EndProject
Project("{9A19103F-16F7-4668-BE54-9A1E7A4F7556}") = "ADOConsole", "ADOConsole\ADOConsole.csproj", "{72632A67-8CD6-41F2-A573-D04D4CF848E5}"
EndProject
Project("{9A19103F-16F7-4668-BE54-9A1E7A4F7556}") = "FECore", "FECore\FECore.csproj", "{A26C6EC8-17B6-4278-B092-261735046E14}"
EndProject
Project("{FAE04EC0-301F-11D3-BF4B-00C04F79EFBC}") = "EntityFramwork", "EntityFramwork\EntityFramwork.csproj", "{C60570CB-77C0-4F41-90CA-8EB38E46797D}"
EndProject
Project("{FAE04EC0-301F-11D3-BF4B-00C04F79EFBC}") = "17bangMVC", "17bangMVC\17bangMVC.csproj", "{4FACDCCD-63CB-4DA7-BEF1-00FFE55592A0}"
EndProject
Project("{2150E333-8FDC-42A3-9474-1A3956D46DE8}") = "BLL", "BLL", "{CEC92867-BD43-4914-8A27-90C8C62EA009}"
EndProject
Project("{FAE04EC0-301F-11D3-BF4B-00C04F79EFBC}") = "Entities", "Entities\Entities.csproj", "{170AFC6F-F364-43A4-9F3D-F5761D02696B}"
EndProject
Project("{FAE04EC0-301F-11D3-BF4B-00C04F79EFBC}") = "Repository", "Repository\Repository.csproj", "{71044F1B-F24C-4581-BF9E-5817436B6B6B}"
EndProject
Project("{2150E333-8FDC-42A3-9474-1A3956D46DE8}") = "SRV", "SRV", "{C04F6237-0452-4058-9F6F-6A0C6BFF5FBA}"
EndProject
Project("{FAE04EC0-301F-11D3-BF4B-00C04F79EFBC}") = "ProdService", "ProdService\ProdService.csproj", "{9360945D-1C8B-44E3-B50A-B795B623F8D0}"
EndProject
Project("{FAE04EC0-301F-11D3-BF4B-00C04F79EFBC}") = "ViewModel", "ViewModel\ViewModel.csproj", "{3C4A7789-6971-4252-AA18-9EB1EDEF4A6C}"
EndProject
Project("{FAE04EC0-301F-11D3-BF4B-00C04F79EFBC}") = "SerciceInterface", "SerciceInterface\SerciceInterface.csproj", "{0B68BE16-C474-441B-9D26-5D4BEF196BA9}"
EndProject
Project("{FAE04EC0-301F-11D3-BF4B-00C04F79EFBC}") = "MockService", "MockService\MockService.csproj", "{F114290E-CCCB-46B2-9942-21BC0C2CE8C6}"
EndProject
Project("{2150E333-8FDC-42A3-9474-1A3956D46DE8}") = "GLB", "GLB", "{AE51A255-1143-403C-AF64-4D12447FAD49}"
EndProject
Project("{FAE04EC0-301F-11D3-BF4B-00C04F79EFBC}") = "Global", "Global\Global.csproj", "{9F8EA7EA-77F9-40AA-83C1-D58304CF60D6}"
EndProject
Project("{2150E333-8FDC-42A3-9474-1A3956D46DE8}") = "Tool", "Tool", "{E770C3C4-36F0-44F1-A016-80B9377B2DBE}"
EndProject
Project("{FAE04EC0-301F-11D3-BF4B-00C04F79EFBC}") = "DbFactory", "Tool\DbFactory\DbFactory.csproj", "{DD2CCFFB-5701-4710-BBB1-16150D64B4A9}"
EndProject
Global
	GlobalSection(SolutionConfigurationPlatforms) = preSolution
		Debug|Any CPU = Debug|Any CPU
		Release|Any CPU = Release|Any CPU
	EndGlobalSection
	GlobalSection(ProjectConfigurationPlatforms) = postSolution
		{D2E16A44-0F38-4C12-967E-586BE2CA228C}.Debug|Any CPU.ActiveCfg = Debug|Any CPU
		{D2E16A44-0F38-4C12-967E-586BE2CA228C}.Debug|Any CPU.Build.0 = Debug|Any CPU
		{D2E16A44-0F38-4C12-967E-586BE2CA228C}.Release|Any CPU.ActiveCfg = Release|Any CPU
		{D2E16A44-0F38-4C12-967E-586BE2CA228C}.Release|Any CPU.Build.0 = Release|Any CPU
		{514AFE05-4330-48B1-91D6-D116D0257F5D}.Debug|Any CPU.ActiveCfg = Debug|Any CPU
		{514AFE05-4330-48B1-91D6-D116D0257F5D}.Debug|Any CPU.Build.0 = Debug|Any CPU
		{514AFE05-4330-48B1-91D6-D116D0257F5D}.Release|Any CPU.ActiveCfg = Release|Any CPU
		{514AFE05-4330-48B1-91D6-D116D0257F5D}.Release|Any CPU.Build.0 = Release|Any CPU
		{72632A67-8CD6-41F2-A573-D04D4CF848E5}.Debug|Any CPU.ActiveCfg = Debug|Any CPU
		{72632A67-8CD6-41F2-A573-D04D4CF848E5}.Debug|Any CPU.Build.0 = Debug|Any CPU
		{72632A67-8CD6-41F2-A573-D04D4CF848E5}.Release|Any CPU.ActiveCfg = Release|Any CPU
		{72632A67-8CD6-41F2-A573-D04D4CF848E5}.Release|Any CPU.Build.0 = Release|Any CPU
		{A26C6EC8-17B6-4278-B092-261735046E14}.Debug|Any CPU.ActiveCfg = Debug|Any CPU
		{A26C6EC8-17B6-4278-B092-261735046E14}.Debug|Any CPU.Build.0 = Debug|Any CPU
		{A26C6EC8-17B6-4278-B092-261735046E14}.Release|Any CPU.ActiveCfg = Release|Any CPU
		{A26C6EC8-17B6-4278-B092-261735046E14}.Release|Any CPU.Build.0 = Release|Any CPU
		{C60570CB-77C0-4F41-90CA-8EB38E46797D}.Debug|Any CPU.ActiveCfg = Debug|Any CPU
		{C60570CB-77C0-4F41-90CA-8EB38E46797D}.Debug|Any CPU.Build.0 = Debug|Any CPU
		{C60570CB-77C0-4F41-90CA-8EB38E46797D}.Release|Any CPU.ActiveCfg = Release|Any CPU
		{C60570CB-77C0-4F41-90CA-8EB38E46797D}.Release|Any CPU.Build.0 = Release|Any CPU
		{4FACDCCD-63CB-4DA7-BEF1-00FFE55592A0}.Debug|Any CPU.ActiveCfg = Debug|Any CPU
		{4FACDCCD-63CB-4DA7-BEF1-00FFE55592A0}.Debug|Any CPU.Build.0 = Debug|Any CPU
		{4FACDCCD-63CB-4DA7-BEF1-00FFE55592A0}.Release|Any CPU.ActiveCfg = Release|Any CPU
		{4FACDCCD-63CB-4DA7-BEF1-00FFE55592A0}.Release|Any CPU.Build.0 = Release|Any CPU
		{170AFC6F-F364-43A4-9F3D-F5761D02696B}.Debug|Any CPU.ActiveCfg = Debug|Any CPU
		{170AFC6F-F364-43A4-9F3D-F5761D02696B}.Debug|Any CPU.Build.0 = Debug|Any CPU
		{170AFC6F-F364-43A4-9F3D-F5761D02696B}.Release|Any CPU.ActiveCfg = Release|Any CPU
		{170AFC6F-F364-43A4-9F3D-F5761D02696B}.Release|Any CPU.Build.0 = Release|Any CPU
		{71044F1B-F24C-4581-BF9E-5817436B6B6B}.Debug|Any CPU.ActiveCfg = Debug|Any CPU
		{71044F1B-F24C-4581-BF9E-5817436B6B6B}.Debug|Any CPU.Build.0 = Debug|Any CPU
		{71044F1B-F24C-4581-BF9E-5817436B6B6B}.Release|Any CPU.ActiveCfg = Release|Any CPU
		{71044F1B-F24C-4581-BF9E-5817436B6B6B}.Release|Any CPU.Build.0 = Release|Any CPU
		{9360945D-1C8B-44E3-B50A-B795B623F8D0}.Debug|Any CPU.ActiveCfg = Debug|Any CPU
		{9360945D-1C8B-44E3-B50A-B795B623F8D0}.Debug|Any CPU.Build.0 = Debug|Any CPU
		{9360945D-1C8B-44E3-B50A-B795B623F8D0}.Release|Any CPU.ActiveCfg = Release|Any CPU
		{9360945D-1C8B-44E3-B50A-B795B623F8D0}.Release|Any CPU.Build.0 = Release|Any CPU
		{3C4A7789-6971-4252-AA18-9EB1EDEF4A6C}.Debug|Any CPU.ActiveCfg = Debug|Any CPU
		{3C4A7789-6971-4252-AA18-9EB1EDEF4A6C}.Debug|Any CPU.Build.0 = Debug|Any CPU
		{3C4A7789-6971-4252-AA18-9EB1EDEF4A6C}.Release|Any CPU.ActiveCfg = Release|Any CPU
		{3C4A7789-6971-4252-AA18-9EB1EDEF4A6C}.Release|Any CPU.Build.0 = Release|Any CPU
		{0B68BE16-C474-441B-9D26-5D4BEF196BA9}.Debug|Any CPU.ActiveCfg = Debug|Any CPU
		{0B68BE16-C474-441B-9D26-5D4BEF196BA9}.Debug|Any CPU.Build.0 = Debug|Any CPU
		{0B68BE16-C474-441B-9D26-5D4BEF196BA9}.Release|Any CPU.ActiveCfg = Release|Any CPU
		{0B68BE16-C474-441B-9D26-5D4BEF196BA9}.Release|Any CPU.Build.0 = Release|Any CPU
		{F114290E-CCCB-46B2-9942-21BC0C2CE8C6}.Debug|Any CPU.ActiveCfg = Debug|Any CPU
		{F114290E-CCCB-46B2-9942-21BC0C2CE8C6}.Debug|Any CPU.Build.0 = Debug|Any CPU
		{F114290E-CCCB-46B2-9942-21BC0C2CE8C6}.Release|Any CPU.ActiveCfg = Release|Any CPU
		{F114290E-CCCB-46B2-9942-21BC0C2CE8C6}.Release|Any CPU.Build.0 = Release|Any CPU
		{9F8EA7EA-77F9-40AA-83C1-D58304CF60D6}.Debug|Any CPU.ActiveCfg = Debug|Any CPU
		{9F8EA7EA-77F9-40AA-83C1-D58304CF60D6}.Debug|Any CPU.Build.0 = Debug|Any CPU
		{9F8EA7EA-77F9-40AA-83C1-D58304CF60D6}.Release|Any CPU.ActiveCfg = Release|Any CPU
		{9F8EA7EA-77F9-40AA-83C1-D58304CF60D6}.Release|Any CPU.Build.0 = Release|Any CPU
		{DD2CCFFB-5701-4710-BBB1-16150D64B4A9}.Debug|Any CPU.ActiveCfg = Debug|Any CPU
		{DD2CCFFB-5701-4710-BBB1-16150D64B4A9}.Debug|Any CPU.Build.0 = Debug|Any CPU
		{DD2CCFFB-5701-4710-BBB1-16150D64B4A9}.Release|Any CPU.ActiveCfg = Release|Any CPU
		{DD2CCFFB-5701-4710-BBB1-16150D64B4A9}.Release|Any CPU.Build.0 = Release|Any CPU
	EndGlobalSection
	GlobalSection(SolutionProperties) = preSolution
		HideSolutionNode = FALSE
	EndGlobalSection
	GlobalSection(NestedProjects) = preSolution
		{170AFC6F-F364-43A4-9F3D-F5761D02696B} = {CEC92867-BD43-4914-8A27-90C8C62EA009}
		{71044F1B-F24C-4581-BF9E-5817436B6B6B} = {CEC92867-BD43-4914-8A27-90C8C62EA009}
		{9360945D-1C8B-44E3-B50A-B795B623F8D0} = {C04F6237-0452-4058-9F6F-6A0C6BFF5FBA}
		{3C4A7789-6971-4252-AA18-9EB1EDEF4A6C} = {C04F6237-0452-4058-9F6F-6A0C6BFF5FBA}
		{0B68BE16-C474-441B-9D26-5D4BEF196BA9} = {C04F6237-0452-4058-9F6F-6A0C6BFF5FBA}
		{F114290E-CCCB-46B2-9942-21BC0C2CE8C6} = {C04F6237-0452-4058-9F6F-6A0C6BFF5FBA}
		{9F8EA7EA-77F9-40AA-83C1-D58304CF60D6} = {AE51A255-1143-403C-AF64-4D12447FAD49}
		{DD2CCFFB-5701-4710-BBB1-16150D64B4A9} = {E770C3C4-36F0-44F1-A016-80B9377B2DBE}
	EndGlobalSection
	GlobalSection(ExtensibilityGlobals) = postSolution
		SolutionGuid = {4BE4F25F-9F1D-447D-8696-25BCF9E71097}
	EndGlobalSection
EndGlobal
